
Microsoft Visual Studio Solution File, Format Version 12.00
# Visual Studio Version 17
VisualStudioVersion = 17.6.33815.320
MinimumVisualStudioVersion = 10.0.40219.1
Project("{FAE04EC0-301F-11D3-BF4B-00C04F79EFBC}") = "TravelTripProje", "TravelTripProje\TravelTripProje.csproj", "{61344CBD-E1DD-4A1E-AF7C-1710FD14FAA2}"
EndProject
Global
	GlobalSection(SolutionConfigurationPlatforms) = preSolution
		Debug|Any CPU = Debug|Any CPU
		Release|Any CPU = Release|Any CPU
	EndGlobalSection
	GlobalSection(ProjectConfigurationPlatforms) = postSolution
		{61344CBD-E1DD-4A1E-AF7C-1710FD14FAA2}.Debug|Any CPU.ActiveCfg = Debug|Any CPU
		{61344CBD-E1DD-4A1E-AF7C-1710FD14FAA2}.Debug|Any CPU.Build.0 = Debug|Any CPU
		{61344CBD-E1DD-4A1E-AF7C-1710FD14FAA2}.Release|Any CPU.ActiveCfg = Release|Any CPU
		{61344CBD-E1DD-4A1E-AF7C-1710FD14FAA2}.Release|Any CPU.Build.0 = Release|Any CPU
	EndGlobalSection
	GlobalSection(SolutionProperties) = preSolution
		HideSolutionNode = FALSE
	EndGlobalSection
	GlobalSection(ExtensibilityGlobals) = postSolution
		SolutionGuid = {94BAA7FC-8586-481D-851B-8A610D1D6851}
	EndGlobalSection
EndGlobal
